
Microsoft Visual Studio Solution File, Format Version 12.00
# Visual Studio Version 16
VisualStudioVersion = 16.0.30225.117
MinimumVisualStudioVersion = 10.0.40219.1
Project("{FAE04EC0-301F-11D3-BF4B-00C04F79EFBC}") = "CheckPoint", "CheckPoint\CheckPoint.csproj", "{70BE0400-13B3-4E93-8AE4-DA92E8DE4AA1}"
EndProject
Global
	GlobalSection(SolutionConfigurationPlatforms) = preSolution
		Debug|Any CPU = Debug|Any CPU
		Release|Any CPU = Release|Any CPU
	EndGlobalSection
	GlobalSection(ProjectConfigurationPlatforms) = postSolution
		{70BE0400-13B3-4E93-8AE4-DA92E8DE4AA1}.Debug|Any CPU.ActiveCfg = Debug|Any CPU
		{70BE0400-13B3-4E93-8AE4-DA92E8DE4AA1}.Debug|Any CPU.Build.0 = Debug|Any CPU
		{70BE0400-13B3-4E93-8AE4-DA92E8DE4AA1}.Release|Any CPU.ActiveCfg = Release|Any CPU
		{70BE0400-13B3-4E93-8AE4-DA92E8DE4AA1}.Release|Any CPU.Build.0 = Release|Any CPU
	EndGlobalSection
	GlobalSection(SolutionProperties) = preSolution
		HideSolutionNode = FALSE
	EndGlobalSection
	GlobalSection(ExtensibilityGlobals) = postSolution
		SolutionGuid = {8DD5029A-FB26-4934-A981-479E792D0FE4}
	EndGlobalSection
EndGlobal
