
Microsoft Visual Studio Solution File, Format Version 12.00
# Visual Studio Version 16
VisualStudioVersion = 16.0.30225.117
MinimumVisualStudioVersion = 10.0.40219.1
Project("{FAE04EC0-301F-11D3-BF4B-00C04F79EFBC}") = "Massivy_21variant", "Massivy_21variant\Massivy_21variant.csproj", "{A51A3E70-0B63-4D44-B8B0-95E05BC50DE1}"
EndProject
Global
	GlobalSection(SolutionConfigurationPlatforms) = preSolution
		Debug|Any CPU = Debug|Any CPU
		Release|Any CPU = Release|Any CPU
	EndGlobalSection
	GlobalSection(ProjectConfigurationPlatforms) = postSolution
		{A51A3E70-0B63-4D44-B8B0-95E05BC50DE1}.Debug|Any CPU.ActiveCfg = Debug|Any CPU
		{A51A3E70-0B63-4D44-B8B0-95E05BC50DE1}.Debug|Any CPU.Build.0 = Debug|Any CPU
		{A51A3E70-0B63-4D44-B8B0-95E05BC50DE1}.Release|Any CPU.ActiveCfg = Release|Any CPU
		{A51A3E70-0B63-4D44-B8B0-95E05BC50DE1}.Release|Any CPU.Build.0 = Release|Any CPU
	EndGlobalSection
	GlobalSection(SolutionProperties) = preSolution
		HideSolutionNode = FALSE
	EndGlobalSection
	GlobalSection(ExtensibilityGlobals) = postSolution
		SolutionGuid = {F90E906A-B79E-48DE-9C58-D9FC696B2C1C}
	EndGlobalSection
EndGlobal
